
Microsoft Visual Studio Solution File, Format Version 11.00
# Visual Studio 2010
Project("{FAE04EC0-301F-11D3-BF4B-00C04F79EFBC}") = "NSJC_TD", "NSJC_TD\NSJC_TD\NSJC_TD.csproj", "{5C8FF6AA-D028-47AF-89CF-1D6C2C27A2A2}"
EndProject
Project("{FAE04EC0-301F-11D3-BF4B-00C04F79EFBC}") = "NSJC_TDContent", "NSJC_TD\NSJC_TDContent\NSJC_TDContent.contentproj", "{DBC980EB-912B-4DEA-B9C1-CEAE1D091581}"
EndProject
Project("{2150E333-8FDC-42A3-9474-1A3956D46DE8}") = "Elementy rozwiązania", "Elementy rozwiązania", "{437D1DF8-0E30-47D9-9014-7374A7B9B8C0}"
EndProject
Global
	GlobalSection(SolutionConfigurationPlatforms) = preSolution
		Debug|Windows Phone = Debug|Windows Phone
		Release|Windows Phone = Release|Windows Phone
	EndGlobalSection
	GlobalSection(ProjectConfigurationPlatforms) = postSolution
		{5C8FF6AA-D028-47AF-89CF-1D6C2C27A2A2}.Debug|Windows Phone.ActiveCfg = Debug|Windows Phone
		{5C8FF6AA-D028-47AF-89CF-1D6C2C27A2A2}.Debug|Windows Phone.Build.0 = Debug|Windows Phone
		{5C8FF6AA-D028-47AF-89CF-1D6C2C27A2A2}.Debug|Windows Phone.Deploy.0 = Debug|Windows Phone
		{5C8FF6AA-D028-47AF-89CF-1D6C2C27A2A2}.Release|Windows Phone.ActiveCfg = Release|Windows Phone
		{5C8FF6AA-D028-47AF-89CF-1D6C2C27A2A2}.Release|Windows Phone.Build.0 = Release|Windows Phone
		{5C8FF6AA-D028-47AF-89CF-1D6C2C27A2A2}.Release|Windows Phone.Deploy.0 = Release|Windows Phone
		{DBC980EB-912B-4DEA-B9C1-CEAE1D091581}.Debug|Windows Phone.ActiveCfg = Debug|Windows Phone
		{DBC980EB-912B-4DEA-B9C1-CEAE1D091581}.Release|Windows Phone.ActiveCfg = Release|Windows Phone
	EndGlobalSection
	GlobalSection(SolutionProperties) = preSolution
		HideSolutionNode = FALSE
	EndGlobalSection
EndGlobal
